
Microsoft Visual Studio Solution File, Format Version 12.00
# Visual Studio Version 17
VisualStudioVersion = 17.5.33502.453
MinimumVisualStudioVersion = 10.0.40219.1
Project("{FAE04EC0-301F-11D3-BF4B-00C04F79EFBC}") = "TdParseOptions", "TdParseOptions\TdParseOptions.csproj", "{AD79B048-DCD5-40C6-95E9-06CF231B9936}"
EndProject
Project("{9A19103F-16F7-4668-BE54-9A1E7A4F7556}") = "TdGenerateThemeTemplates", "TdGenerateThemeTemplates\TdGenerateThemeTemplates.csproj", "{6C3FD7BB-FEF0-4BDE-A88B-FD4E2FAE9B26}"
EndProject
Project("{9A19103F-16F7-4668-BE54-9A1E7A4F7556}") = "FontFactory", "FontFactory\FontFactory.csproj", "{F1588B63-1DEC-4E6D-B6D9-4BA1E128F97A}"
EndProject
Project("{9A19103F-16F7-4668-BE54-9A1E7A4F7556}") = "AppCenterStats", "AppCenterStats\AppCenterStats.csproj", "{A2701A9E-7265-4263-97BD-0A4561DEBAB2}"
EndProject
Project("{FAE04EC0-301F-11D3-BF4B-00C04F79EFBC}") = "SynchronizeResources", "SynchronizeResources\SynchronizeResources.csproj", "{3C8D65CD-F8A6-423B-A7ED-2C3E267E2634}"
EndProject
Global
	GlobalSection(SolutionConfigurationPlatforms) = preSolution
		Debug|Any CPU = Debug|Any CPU
		Debug|ARM = Debug|ARM
		Debug|ARM64 = Debug|ARM64
		Debug|x64 = Debug|x64
		Debug|x86 = Debug|x86
		Release|Any CPU = Release|Any CPU
		Release|ARM = Release|ARM
		Release|ARM64 = Release|ARM64
		Release|x64 = Release|x64
		Release|x86 = Release|x86
	EndGlobalSection
	GlobalSection(ProjectConfigurationPlatforms) = postSolution
		{AD79B048-DCD5-40C6-95E9-06CF231B9936}.Debug|Any CPU.ActiveCfg = Debug|Any CPU
		{AD79B048-DCD5-40C6-95E9-06CF231B9936}.Debug|Any CPU.Build.0 = Debug|Any CPU
		{AD79B048-DCD5-40C6-95E9-06CF231B9936}.Debug|ARM.ActiveCfg = Debug|Any CPU
		{AD79B048-DCD5-40C6-95E9-06CF231B9936}.Debug|ARM.Build.0 = Debug|Any CPU
		{AD79B048-DCD5-40C6-95E9-06CF231B9936}.Debug|ARM64.ActiveCfg = Debug|Any CPU
		{AD79B048-DCD5-40C6-95E9-06CF231B9936}.Debug|ARM64.Build.0 = Debug|Any CPU
		{AD79B048-DCD5-40C6-95E9-06CF231B9936}.Debug|x64.ActiveCfg = Debug|Any CPU
		{AD79B048-DCD5-40C6-95E9-06CF231B9936}.Debug|x64.Build.0 = Debug|Any CPU
		{AD79B048-DCD5-40C6-95E9-06CF231B9936}.Debug|x86.ActiveCfg = Debug|Any CPU
		{AD79B048-DCD5-40C6-95E9-06CF231B9936}.Debug|x86.Build.0 = Debug|Any CPU
		{AD79B048-DCD5-40C6-95E9-06CF231B9936}.Release|Any CPU.ActiveCfg = Release|Any CPU
		{AD79B048-DCD5-40C6-95E9-06CF231B9936}.Release|Any CPU.Build.0 = Release|Any CPU
		{AD79B048-DCD5-40C6-95E9-06CF231B9936}.Release|ARM.ActiveCfg = Release|Any CPU
		{AD79B048-DCD5-40C6-95E9-06CF231B9936}.Release|ARM.Build.0 = Release|Any CPU
		{AD79B048-DCD5-40C6-95E9-06CF231B9936}.Release|ARM64.ActiveCfg = Release|Any CPU
		{AD79B048-DCD5-40C6-95E9-06CF231B9936}.Release|ARM64.Build.0 = Release|Any CPU
		{AD79B048-DCD5-40C6-95E9-06CF231B9936}.Release|x64.ActiveCfg = Release|Any CPU
		{AD79B048-DCD5-40C6-95E9-06CF231B9936}.Release|x64.Build.0 = Release|Any CPU
		{AD79B048-DCD5-40C6-95E9-06CF231B9936}.Release|x86.ActiveCfg = Release|Any CPU
		{AD79B048-DCD5-40C6-95E9-06CF231B9936}.Release|x86.Build.0 = Release|Any CPU
		{6C3FD7BB-FEF0-4BDE-A88B-FD4E2FAE9B26}.Debug|Any CPU.ActiveCfg = Debug|Any CPU
		{6C3FD7BB-FEF0-4BDE-A88B-FD4E2FAE9B26}.Debug|Any CPU.Build.0 = Debug|Any CPU
		{6C3FD7BB-FEF0-4BDE-A88B-FD4E2FAE9B26}.Debug|ARM.ActiveCfg = Debug|Any CPU
		{6C3FD7BB-FEF0-4BDE-A88B-FD4E2FAE9B26}.Debug|ARM.Build.0 = Debug|Any CPU
		{6C3FD7BB-FEF0-4BDE-A88B-FD4E2FAE9B26}.Debug|ARM64.ActiveCfg = Debug|Any CPU
		{6C3FD7BB-FEF0-4BDE-A88B-FD4E2FAE9B26}.Debug|ARM64.Build.0 = Debug|Any CPU
		{6C3FD7BB-FEF0-4BDE-A88B-FD4E2FAE9B26}.Debug|x64.ActiveCfg = Debug|Any CPU
		{6C3FD7BB-FEF0-4BDE-A88B-FD4E2FAE9B26}.Debug|x64.Build.0 = Debug|Any CPU
		{6C3FD7BB-FEF0-4BDE-A88B-FD4E2FAE9B26}.Debug|x86.ActiveCfg = Debug|Any CPU
		{6C3FD7BB-FEF0-4BDE-A88B-FD4E2FAE9B26}.Debug|x86.Build.0 = Debug|Any CPU
		{6C3FD7BB-FEF0-4BDE-A88B-FD4E2FAE9B26}.Release|Any CPU.ActiveCfg = Release|Any CPU
		{6C3FD7BB-FEF0-4BDE-A88B-FD4E2FAE9B26}.Release|Any CPU.Build.0 = Release|Any CPU
		{6C3FD7BB-FEF0-4BDE-A88B-FD4E2FAE9B26}.Release|ARM.ActiveCfg = Release|Any CPU
		{6C3FD7BB-FEF0-4BDE-A88B-FD4E2FAE9B26}.Release|ARM.Build.0 = Release|Any CPU
		{6C3FD7BB-FEF0-4BDE-A88B-FD4E2FAE9B26}.Release|ARM64.ActiveCfg = Release|Any CPU
		{6C3FD7BB-FEF0-4BDE-A88B-FD4E2FAE9B26}.Release|ARM64.Build.0 = Release|Any CPU
		{6C3FD7BB-FEF0-4BDE-A88B-FD4E2FAE9B26}.Release|x64.ActiveCfg = Release|Any CPU
		{6C3FD7BB-FEF0-4BDE-A88B-FD4E2FAE9B26}.Release|x64.Build.0 = Release|Any CPU
		{6C3FD7BB-FEF0-4BDE-A88B-FD4E2FAE9B26}.Release|x86.ActiveCfg = Release|Any CPU
		{6C3FD7BB-FEF0-4BDE-A88B-FD4E2FAE9B26}.Release|x86.Build.0 = Release|Any CPU
		{F1588B63-1DEC-4E6D-B6D9-4BA1E128F97A}.Debug|Any CPU.ActiveCfg = Debug|Any CPU
		{F1588B63-1DEC-4E6D-B6D9-4BA1E128F97A}.Debug|Any CPU.Build.0 = Debug|Any CPU
		{F1588B63-1DEC-4E6D-B6D9-4BA1E128F97A}.Debug|ARM.ActiveCfg = Debug|Any CPU
		{F1588B63-1DEC-4E6D-B6D9-4BA1E128F97A}.Debug|ARM.Build.0 = Debug|Any CPU
		{F1588B63-1DEC-4E6D-B6D9-4BA1E128F97A}.Debug|ARM64.ActiveCfg = Debug|Any CPU
		{F1588B63-1DEC-4E6D-B6D9-4BA1E128F97A}.Debug|ARM64.Build.0 = Debug|Any CPU
		{F1588B63-1DEC-4E6D-B6D9-4BA1E128F97A}.Debug|x64.ActiveCfg = Debug|Any CPU
		{F1588B63-1DEC-4E6D-B6D9-4BA1E128F97A}.Debug|x64.Build.0 = Debug|Any CPU
		{F1588B63-1DEC-4E6D-B6D9-4BA1E128F97A}.Debug|x86.ActiveCfg = Debug|Any CPU
		{F1588B63-1DEC-4E6D-B6D9-4BA1E128F97A}.Debug|x86.Build.0 = Debug|Any CPU
		{F1588B63-1DEC-4E6D-B6D9-4BA1E128F97A}.Release|Any CPU.ActiveCfg = Release|Any CPU
		{F1588B63-1DEC-4E6D-B6D9-4BA1E128F97A}.Release|Any CPU.Build.0 = Release|Any CPU
		{F1588B63-1DEC-4E6D-B6D9-4BA1E128F97A}.Release|ARM.ActiveCfg = Release|Any CPU
		{F1588B63-1DEC-4E6D-B6D9-4BA1E128F97A}.Release|ARM.Build.0 = Release|Any CPU
		{F1588B63-1DEC-4E6D-B6D9-4BA1E128F97A}.Release|ARM64.ActiveCfg = Release|Any CPU
		{F1588B63-1DEC-4E6D-B6D9-4BA1E128F97A}.Release|ARM64.Build.0 = Release|Any CPU
		{F1588B63-1DEC-4E6D-B6D9-4BA1E128F97A}.Release|x64.ActiveCfg = Release|Any CPU
		{F1588B63-1DEC-4E6D-B6D9-4BA1E128F97A}.Release|x64.Build.0 = Release|Any CPU
		{F1588B63-1DEC-4E6D-B6D9-4BA1E128F97A}.Release|x86.ActiveCfg = Release|Any CPU
		{F1588B63-1DEC-4E6D-B6D9-4BA1E128F97A}.Release|x86.Build.0 = Release|Any CPU
		{A2701A9E-7265-4263-97BD-0A4561DEBAB2}.Debug|Any CPU.ActiveCfg = Debug|Any CPU
		{A2701A9E-7265-4263-97BD-0A4561DEBAB2}.Debug|Any CPU.Build.0 = Debug|Any CPU
		{A2701A9E-7265-4263-97BD-0A4561DEBAB2}.Debug|ARM.ActiveCfg = Debug|Any CPU
		{A2701A9E-7265-4263-97BD-0A4561DEBAB2}.Debug|ARM.Build.0 = Debug|Any CPU
		{A2701A9E-7265-4263-97BD-0A4561DEBAB2}.Debug|ARM64.ActiveCfg = Debug|Any CPU
		{A2701A9E-7265-4263-97BD-0A4561DEBAB2}.Debug|ARM64.Build.0 = Debug|Any CPU
		{A2701A9E-7265-4263-97BD-0A4561DEBAB2}.Debug|x64.ActiveCfg = Debug|Any CPU
		{A2701A9E-7265-4263-97BD-0A4561DEBAB2}.Debug|x64.Build.0 = Debug|Any CPU
		{A2701A9E-7265-4263-97BD-0A4561DEBAB2}.Debug|x86.ActiveCfg = Debug|Any CPU
		{A2701A9E-7265-4263-97BD-0A4561DEBAB2}.Debug|x86.Build.0 = Debug|Any CPU
		{A2701A9E-7265-4263-97BD-0A4561DEBAB2}.Release|Any CPU.ActiveCfg = Release|Any CPU
		{A2701A9E-7265-4263-97BD-0A4561DEBAB2}.Release|Any CPU.Build.0 = Release|Any CPU
		{A2701A9E-7265-4263-97BD-0A4561DEBAB2}.Release|ARM.ActiveCfg = Release|Any CPU
		{A2701A9E-7265-4263-97BD-0A4561DEBAB2}.Release|ARM.Build.0 = Release|Any CPU
		{A2701A9E-7265-4263-97BD-0A4561DEBAB2}.Release|ARM64.ActiveCfg = Release|Any CPU
		{A2701A9E-7265-4263-97BD-0A4561DEBAB2}.Release|ARM64.Build.0 = Release|Any CPU
		{A2701A9E-7265-4263-97BD-0A4561DEBAB2}.Release|x64.ActiveCfg = Release|Any CPU
		{A2701A9E-7265-4263-97BD-0A4561DEBAB2}.Release|x64.Build.0 = Release|Any CPU
		{A2701A9E-7265-4263-97BD-0A4561DEBAB2}.Release|x86.ActiveCfg = Release|Any CPU
		{A2701A9E-7265-4263-97BD-0A4561DEBAB2}.Release|x86.Build.0 = Release|Any CPU
		{3C8D65CD-F8A6-423B-A7ED-2C3E267E2634}.Debug|Any CPU.ActiveCfg = Debug|Any CPU
		{3C8D65CD-F8A6-423B-A7ED-2C3E267E2634}.Debug|Any CPU.Build.0 = Debug|Any CPU
		{3C8D65CD-F8A6-423B-A7ED-2C3E267E2634}.Debug|ARM.ActiveCfg = Debug|Any CPU
		{3C8D65CD-F8A6-423B-A7ED-2C3E267E2634}.Debug|ARM.Build.0 = Debug|Any CPU
		{3C8D65CD-F8A6-423B-A7ED-2C3E267E2634}.Debug|ARM64.ActiveCfg = Debug|Any CPU
		{3C8D65CD-F8A6-423B-A7ED-2C3E267E2634}.Debug|ARM64.Build.0 = Debug|Any CPU
		{3C8D65CD-F8A6-423B-A7ED-2C3E267E2634}.Debug|x64.ActiveCfg = Debug|Any CPU
		{3C8D65CD-F8A6-423B-A7ED-2C3E267E2634}.Debug|x64.Build.0 = Debug|Any CPU
		{3C8D65CD-F8A6-423B-A7ED-2C3E267E2634}.Debug|x86.ActiveCfg = Debug|Any CPU
		{3C8D65CD-F8A6-423B-A7ED-2C3E267E2634}.Debug|x86.Build.0 = Debug|Any CPU
		{3C8D65CD-F8A6-423B-A7ED-2C3E267E2634}.Release|Any CPU.ActiveCfg = Release|Any CPU
		{3C8D65CD-F8A6-423B-A7ED-2C3E267E2634}.Release|Any CPU.Build.0 = Release|Any CPU
		{3C8D65CD-F8A6-423B-A7ED-2C3E267E2634}.Release|ARM.ActiveCfg = Release|Any CPU
		{3C8D65CD-F8A6-423B-A7ED-2C3E267E2634}.Release|ARM.Build.0 = Release|Any CPU
		{3C8D65CD-F8A6-423B-A7ED-2C3E267E2634}.Release|ARM64.ActiveCfg = Release|Any CPU
		{3C8D65CD-F8A6-423B-A7ED-2C3E267E2634}.Release|ARM64.Build.0 = Release|Any CPU
		{3C8D65CD-F8A6-423B-A7ED-2C3E267E2634}.Release|x64.ActiveCfg = Release|Any CPU
		{3C8D65CD-F8A6-423B-A7ED-2C3E267E2634}.Release|x64.Build.0 = Release|Any CPU
		{3C8D65CD-F8A6-423B-A7ED-2C3E267E2634}.Release|x86.ActiveCfg = Release|Any CPU
		{3C8D65CD-F8A6-423B-A7ED-2C3E267E2634}.Release|x86.Build.0 = Release|Any CPU
	EndGlobalSection
	GlobalSection(SolutionProperties) = preSolution
		HideSolutionNode = FALSE
	EndGlobalSection
	GlobalSection(ExtensibilityGlobals) = postSolution
		SolutionGuid = {70BF3EE5-CBC6-435A-B9E6-95616A9EF7AE}
	EndGlobalSection
EndGlobal
