
Microsoft Visual Studio Solution File, Format Version 12.00
# Visual Studio Version 16
VisualStudioVersion = 16.0.28803.202
MinimumVisualStudioVersion = 10.0.40219.1
Project("{FAE04EC0-301F-11D3-BF4B-00C04F79EFBC}") = "TdParseOptions", "TdParseOptions\TdParseOptions.csproj", "{AD79B048-DCD5-40C6-95E9-06CF231B9936}"
EndProject
Project("{9A19103F-16F7-4668-BE54-9A1E7A4F7556}") = "TdGenerateThemeTemplates", "TdGenerateThemeTemplates\TdGenerateThemeTemplates.csproj", "{6C3FD7BB-FEF0-4BDE-A88B-FD4E2FAE9B26}"
EndProject
Project("{FAE04EC0-301F-11D3-BF4B-00C04F79EFBC}") = "FontFactory", "FontFactory\FontFactory.csproj", "{F1588B63-1DEC-4E6D-B6D9-4BA1E128F97A}"
EndProject
Global
	GlobalSection(SolutionConfigurationPlatforms) = preSolution
		Debug|Any CPU = Debug|Any CPU
		Release|Any CPU = Release|Any CPU
	EndGlobalSection
	GlobalSection(ProjectConfigurationPlatforms) = postSolution
		{AD79B048-DCD5-40C6-95E9-06CF231B9936}.Debug|Any CPU.ActiveCfg = Debug|Any CPU
		{AD79B048-DCD5-40C6-95E9-06CF231B9936}.Debug|Any CPU.Build.0 = Debug|Any CPU
		{AD79B048-DCD5-40C6-95E9-06CF231B9936}.Release|Any CPU.ActiveCfg = Release|Any CPU
		{AD79B048-DCD5-40C6-95E9-06CF231B9936}.Release|Any CPU.Build.0 = Release|Any CPU
		{6C3FD7BB-FEF0-4BDE-A88B-FD4E2FAE9B26}.Debug|Any CPU.ActiveCfg = Debug|Any CPU
		{6C3FD7BB-FEF0-4BDE-A88B-FD4E2FAE9B26}.Debug|Any CPU.Build.0 = Debug|Any CPU
		{6C3FD7BB-FEF0-4BDE-A88B-FD4E2FAE9B26}.Release|Any CPU.ActiveCfg = Release|Any CPU
		{6C3FD7BB-FEF0-4BDE-A88B-FD4E2FAE9B26}.Release|Any CPU.Build.0 = Release|Any CPU
		{F1588B63-1DEC-4E6D-B6D9-4BA1E128F97A}.Debug|Any CPU.ActiveCfg = Debug|Any CPU
		{F1588B63-1DEC-4E6D-B6D9-4BA1E128F97A}.Debug|Any CPU.Build.0 = Debug|Any CPU
		{F1588B63-1DEC-4E6D-B6D9-4BA1E128F97A}.Release|Any CPU.ActiveCfg = Release|Any CPU
		{F1588B63-1DEC-4E6D-B6D9-4BA1E128F97A}.Release|Any CPU.Build.0 = Release|Any CPU
	EndGlobalSection
	GlobalSection(SolutionProperties) = preSolution
		HideSolutionNode = FALSE
	EndGlobalSection
	GlobalSection(ExtensibilityGlobals) = postSolution
		SolutionGuid = {70BF3EE5-CBC6-435A-B9E6-95616A9EF7AE}
	EndGlobalSection
EndGlobal
